
Microsoft Visual Studio Solution File, Format Version 12.00
# Visual Studio Version 17
VisualStudioVersion = 17.4.33213.308
MinimumVisualStudioVersion = 10.0.40219.1
Project("{FAE04EC0-301F-11D3-BF4B-00C04F79EFBC}") = "Transflo-Task", "Transflo-Task\Transflo-Task.csproj", "{F5B1F354-8708-4EEE-8F1D-E7D3208E0AF6}"
EndProject
Global
	GlobalSection(SolutionConfigurationPlatforms) = preSolution
		Debug|Any CPU = Debug|Any CPU
		Release|Any CPU = Release|Any CPU
	EndGlobalSection
	GlobalSection(ProjectConfigurationPlatforms) = postSolution
		{F5B1F354-8708-4EEE-8F1D-E7D3208E0AF6}.Debug|Any CPU.ActiveCfg = Debug|Any CPU
		{F5B1F354-8708-4EEE-8F1D-E7D3208E0AF6}.Debug|Any CPU.Build.0 = Debug|Any CPU
		{F5B1F354-8708-4EEE-8F1D-E7D3208E0AF6}.Release|Any CPU.ActiveCfg = Release|Any CPU
		{F5B1F354-8708-4EEE-8F1D-E7D3208E0AF6}.Release|Any CPU.Build.0 = Release|Any CPU
	EndGlobalSection
	GlobalSection(SolutionProperties) = preSolution
		HideSolutionNode = FALSE
	EndGlobalSection
	GlobalSection(ExtensibilityGlobals) = postSolution
		SolutionGuid = {3BF151D3-7858-404D-B857-6017BF0DF170}
	EndGlobalSection
EndGlobal
